
Microsoft Visual Studio Solution File, Format Version 12.00
# Visual Studio Version 16
VisualStudioVersion = 16.0.31911.196
MinimumVisualStudioVersion = 10.0.40219.1
Project("{FAE04EC0-301F-11D3-BF4B-00C04F79EFBC}") = "BertScout2022.UWP", "BertScout2022\BertScout2022.UWP\BertScout2022.UWP.csproj", "{26D02C8D-2AB7-47D1-A382-9A93C75450D2}"
EndProject
Project("{FAE04EC0-301F-11D3-BF4B-00C04F79EFBC}") = "BertScout2022.Android", "BertScout2022\BertScout2022.Android\BertScout2022.Android.csproj", "{00739DB6-2397-426F-81B8-2F9D3D643C15}"
EndProject
Project("{9A19103F-16F7-4668-BE54-9A1E7A4F7556}") = "BertScout2022", "BertScout2022\BertScout2022\BertScout2022.csproj", "{E3DD83D1-64AE-4878-AEBA-23D3756D5AAD}"
EndProject
Project("{9A19103F-16F7-4668-BE54-9A1E7A4F7556}") = "BertScout2022.Data", "BertScout2022\BertScout2022.Data\BertScout2022.Data.csproj", "{32595006-45B8-4324-9CC9-9D18366F08EA}"
EndProject
Project("{9A19103F-16F7-4668-BE54-9A1E7A4F7556}") = "BertScout2022.Env", "BertScout2022\BertScout2022.Env\BertScout2022.Env.csproj", "{3DE6E023-FE81-4205-8563-A8BA8C968967}"
EndProject
Project("{2150E333-8FDC-42A3-9474-1A3956D46DE8}") = "Solution Items", "Solution Items", "{83188CE2-DD3D-4F7D-8EDA-084324556CB4}"
	ProjectSection(SolutionItems) = preProject
		.editorconfig = .editorconfig
	EndProjectSection
EndProject
Project("{9A19103F-16F7-4668-BE54-9A1E7A4F7556}") = "BertScout2022.Airtable", "BertScout2022\BertScout2022.Airtable\BertScout2022.Airtable.csproj", "{9A48BAF7-FA57-4ACF-B3D1-1DFA54282D3A}"
EndProject
Global
	GlobalSection(SolutionConfigurationPlatforms) = preSolution
		Debug|Any CPU = Debug|Any CPU
		Debug|ARM = Debug|ARM
		Debug|x64 = Debug|x64
		Debug|x86 = Debug|x86
		Release|Any CPU = Release|Any CPU
		Release|ARM = Release|ARM
		Release|x64 = Release|x64
		Release|x86 = Release|x86
	EndGlobalSection
	GlobalSection(ProjectConfigurationPlatforms) = postSolution
		{26D02C8D-2AB7-47D1-A382-9A93C75450D2}.Debug|Any CPU.ActiveCfg = Debug|x86
		{26D02C8D-2AB7-47D1-A382-9A93C75450D2}.Debug|Any CPU.Build.0 = Debug|x86
		{26D02C8D-2AB7-47D1-A382-9A93C75450D2}.Debug|Any CPU.Deploy.0 = Debug|x86
		{26D02C8D-2AB7-47D1-A382-9A93C75450D2}.Debug|ARM.ActiveCfg = Debug|ARM
		{26D02C8D-2AB7-47D1-A382-9A93C75450D2}.Debug|ARM.Build.0 = Debug|ARM
		{26D02C8D-2AB7-47D1-A382-9A93C75450D2}.Debug|ARM.Deploy.0 = Debug|ARM
		{26D02C8D-2AB7-47D1-A382-9A93C75450D2}.Debug|x64.ActiveCfg = Debug|x64
		{26D02C8D-2AB7-47D1-A382-9A93C75450D2}.Debug|x64.Build.0 = Debug|x64
		{26D02C8D-2AB7-47D1-A382-9A93C75450D2}.Debug|x64.Deploy.0 = Debug|x64
		{26D02C8D-2AB7-47D1-A382-9A93C75450D2}.Debug|x86.ActiveCfg = Debug|x86
		{26D02C8D-2AB7-47D1-A382-9A93C75450D2}.Debug|x86.Build.0 = Debug|x86
		{26D02C8D-2AB7-47D1-A382-9A93C75450D2}.Debug|x86.Deploy.0 = Debug|x86
		{26D02C8D-2AB7-47D1-A382-9A93C75450D2}.Release|Any CPU.ActiveCfg = Release|x86
		{26D02C8D-2AB7-47D1-A382-9A93C75450D2}.Release|Any CPU.Build.0 = Release|x86
		{26D02C8D-2AB7-47D1-A382-9A93C75450D2}.Release|Any CPU.Deploy.0 = Release|x86
		{26D02C8D-2AB7-47D1-A382-9A93C75450D2}.Release|ARM.ActiveCfg = Release|ARM
		{26D02C8D-2AB7-47D1-A382-9A93C75450D2}.Release|ARM.Build.0 = Release|ARM
		{26D02C8D-2AB7-47D1-A382-9A93C75450D2}.Release|ARM.Deploy.0 = Release|ARM
		{26D02C8D-2AB7-47D1-A382-9A93C75450D2}.Release|x64.ActiveCfg = Release|x64
		{26D02C8D-2AB7-47D1-A382-9A93C75450D2}.Release|x64.Build.0 = Release|x64
		{26D02C8D-2AB7-47D1-A382-9A93C75450D2}.Release|x64.Deploy.0 = Release|x64
		{26D02C8D-2AB7-47D1-A382-9A93C75450D2}.Release|x86.ActiveCfg = Release|x86
		{26D02C8D-2AB7-47D1-A382-9A93C75450D2}.Release|x86.Build.0 = Release|x86
		{26D02C8D-2AB7-47D1-A382-9A93C75450D2}.Release|x86.Deploy.0 = Release|x86
		{00739DB6-2397-426F-81B8-2F9D3D643C15}.Debug|Any CPU.ActiveCfg = Debug|Any CPU
		{00739DB6-2397-426F-81B8-2F9D3D643C15}.Debug|Any CPU.Build.0 = Debug|Any CPU
		{00739DB6-2397-426F-81B8-2F9D3D643C15}.Debug|Any CPU.Deploy.0 = Debug|Any CPU
		{00739DB6-2397-426F-81B8-2F9D3D643C15}.Debug|ARM.ActiveCfg = Debug|Any CPU
		{00739DB6-2397-426F-81B8-2F9D3D643C15}.Debug|ARM.Build.0 = Debug|Any CPU
		{00739DB6-2397-426F-81B8-2F9D3D643C15}.Debug|ARM.Deploy.0 = Debug|Any CPU
		{00739DB6-2397-426F-81B8-2F9D3D643C15}.Debug|x64.ActiveCfg = Debug|Any CPU
		{00739DB6-2397-426F-81B8-2F9D3D643C15}.Debug|x64.Build.0 = Debug|Any CPU
		{00739DB6-2397-426F-81B8-2F9D3D643C15}.Debug|x64.Deploy.0 = Debug|Any CPU
		{00739DB6-2397-426F-81B8-2F9D3D643C15}.Debug|x86.ActiveCfg = Debug|Any CPU
		{00739DB6-2397-426F-81B8-2F9D3D643C15}.Debug|x86.Build.0 = Debug|Any CPU
		{00739DB6-2397-426F-81B8-2F9D3D643C15}.Debug|x86.Deploy.0 = Debug|Any CPU
		{00739DB6-2397-426F-81B8-2F9D3D643C15}.Release|Any CPU.ActiveCfg = Release|Any CPU
		{00739DB6-2397-426F-81B8-2F9D3D643C15}.Release|Any CPU.Build.0 = Release|Any CPU
		{00739DB6-2397-426F-81B8-2F9D3D643C15}.Release|Any CPU.Deploy.0 = Release|Any CPU
		{00739DB6-2397-426F-81B8-2F9D3D643C15}.Release|ARM.ActiveCfg = Release|Any CPU
		{00739DB6-2397-426F-81B8-2F9D3D643C15}.Release|ARM.Build.0 = Release|Any CPU
		{00739DB6-2397-426F-81B8-2F9D3D643C15}.Release|ARM.Deploy.0 = Release|Any CPU
		{00739DB6-2397-426F-81B8-2F9D3D643C15}.Release|x64.ActiveCfg = Release|Any CPU
		{00739DB6-2397-426F-81B8-2F9D3D643C15}.Release|x64.Build.0 = Release|Any CPU
		{00739DB6-2397-426F-81B8-2F9D3D643C15}.Release|x64.Deploy.0 = Release|Any CPU
		{00739DB6-2397-426F-81B8-2F9D3D643C15}.Release|x86.ActiveCfg = Release|Any CPU
		{00739DB6-2397-426F-81B8-2F9D3D643C15}.Release|x86.Build.0 = Release|Any CPU
		{00739DB6-2397-426F-81B8-2F9D3D643C15}.Release|x86.Deploy.0 = Release|Any CPU
		{E3DD83D1-64AE-4878-AEBA-23D3756D5AAD}.Debug|Any CPU.ActiveCfg = Debug|Any CPU
		{E3DD83D1-64AE-4878-AEBA-23D3756D5AAD}.Debug|Any CPU.Build.0 = Debug|Any CPU
		{E3DD83D1-64AE-4878-AEBA-23D3756D5AAD}.Debug|Any CPU.Deploy.0 = Debug|Any CPU
		{E3DD83D1-64AE-4878-AEBA-23D3756D5AAD}.Debug|ARM.ActiveCfg = Debug|Any CPU
		{E3DD83D1-64AE-4878-AEBA-23D3756D5AAD}.Debug|ARM.Build.0 = Debug|Any CPU
		{E3DD83D1-64AE-4878-AEBA-23D3756D5AAD}.Debug|ARM.Deploy.0 = Debug|Any CPU
		{E3DD83D1-64AE-4878-AEBA-23D3756D5AAD}.Debug|x64.ActiveCfg = Debug|Any CPU
		{E3DD83D1-64AE-4878-AEBA-23D3756D5AAD}.Debug|x64.Build.0 = Debug|Any CPU
		{E3DD83D1-64AE-4878-AEBA-23D3756D5AAD}.Debug|x64.Deploy.0 = Debug|Any CPU
		{E3DD83D1-64AE-4878-AEBA-23D3756D5AAD}.Debug|x86.ActiveCfg = Debug|Any CPU
		{E3DD83D1-64AE-4878-AEBA-23D3756D5AAD}.Debug|x86.Build.0 = Debug|Any CPU
		{E3DD83D1-64AE-4878-AEBA-23D3756D5AAD}.Debug|x86.Deploy.0 = Debug|Any CPU
		{E3DD83D1-64AE-4878-AEBA-23D3756D5AAD}.Release|Any CPU.ActiveCfg = Release|Any CPU
		{E3DD83D1-64AE-4878-AEBA-23D3756D5AAD}.Release|Any CPU.Build.0 = Release|Any CPU
		{E3DD83D1-64AE-4878-AEBA-23D3756D5AAD}.Release|Any CPU.Deploy.0 = Release|Any CPU
		{E3DD83D1-64AE-4878-AEBA-23D3756D5AAD}.Release|ARM.ActiveCfg = Release|Any CPU
		{E3DD83D1-64AE-4878-AEBA-23D3756D5AAD}.Release|ARM.Build.0 = Release|Any CPU
		{E3DD83D1-64AE-4878-AEBA-23D3756D5AAD}.Release|ARM.Deploy.0 = Release|Any CPU
		{E3DD83D1-64AE-4878-AEBA-23D3756D5AAD}.Release|x64.ActiveCfg = Release|Any CPU
		{E3DD83D1-64AE-4878-AEBA-23D3756D5AAD}.Release|x64.Build.0 = Release|Any CPU
		{E3DD83D1-64AE-4878-AEBA-23D3756D5AAD}.Release|x64.Deploy.0 = Release|Any CPU
		{E3DD83D1-64AE-4878-AEBA-23D3756D5AAD}.Release|x86.ActiveCfg = Release|Any CPU
		{E3DD83D1-64AE-4878-AEBA-23D3756D5AAD}.Release|x86.Build.0 = Release|Any CPU
		{E3DD83D1-64AE-4878-AEBA-23D3756D5AAD}.Release|x86.Deploy.0 = Release|Any CPU
		{32595006-45B8-4324-9CC9-9D18366F08EA}.Debug|Any CPU.ActiveCfg = Debug|Any CPU
		{32595006-45B8-4324-9CC9-9D18366F08EA}.Debug|Any CPU.Build.0 = Debug|Any CPU
		{32595006-45B8-4324-9CC9-9D18366F08EA}.Debug|ARM.ActiveCfg = Debug|Any CPU
		{32595006-45B8-4324-9CC9-9D18366F08EA}.Debug|ARM.Build.0 = Debug|Any CPU
		{32595006-45B8-4324-9CC9-9D18366F08EA}.Debug|x64.ActiveCfg = Debug|Any CPU
		{32595006-45B8-4324-9CC9-9D18366F08EA}.Debug|x64.Build.0 = Debug|Any CPU
		{32595006-45B8-4324-9CC9-9D18366F08EA}.Debug|x86.ActiveCfg = Debug|Any CPU
		{32595006-45B8-4324-9CC9-9D18366F08EA}.Debug|x86.Build.0 = Debug|Any CPU
		{32595006-45B8-4324-9CC9-9D18366F08EA}.Release|Any CPU.ActiveCfg = Release|Any CPU
		{32595006-45B8-4324-9CC9-9D18366F08EA}.Release|Any CPU.Build.0 = Release|Any CPU
		{32595006-45B8-4324-9CC9-9D18366F08EA}.Release|ARM.ActiveCfg = Release|Any CPU
		{32595006-45B8-4324-9CC9-9D18366F08EA}.Release|ARM.Build.0 = Release|Any CPU
		{32595006-45B8-4324-9CC9-9D18366F08EA}.Release|x64.ActiveCfg = Release|Any CPU
		{32595006-45B8-4324-9CC9-9D18366F08EA}.Release|x64.Build.0 = Release|Any CPU
		{32595006-45B8-4324-9CC9-9D18366F08EA}.Release|x86.ActiveCfg = Release|Any CPU
		{32595006-45B8-4324-9CC9-9D18366F08EA}.Release|x86.Build.0 = Release|Any CPU
		{3DE6E023-FE81-4205-8563-A8BA8C968967}.Debug|Any CPU.ActiveCfg = Debug|Any CPU
		{3DE6E023-FE81-4205-8563-A8BA8C968967}.Debug|Any CPU.Build.0 = Debug|Any CPU
		{3DE6E023-FE81-4205-8563-A8BA8C968967}.Debug|ARM.ActiveCfg = Debug|Any CPU
		{3DE6E023-FE81-4205-8563-A8BA8C968967}.Debug|ARM.Build.0 = Debug|Any CPU
		{3DE6E023-FE81-4205-8563-A8BA8C968967}.Debug|x64.ActiveCfg = Debug|Any CPU
		{3DE6E023-FE81-4205-8563-A8BA8C968967}.Debug|x64.Build.0 = Debug|Any CPU
		{3DE6E023-FE81-4205-8563-A8BA8C968967}.Debug|x86.ActiveCfg = Debug|Any CPU
		{3DE6E023-FE81-4205-8563-A8BA8C968967}.Debug|x86.Build.0 = Debug|Any CPU
		{3DE6E023-FE81-4205-8563-A8BA8C968967}.Release|Any CPU.ActiveCfg = Release|Any CPU
		{3DE6E023-FE81-4205-8563-A8BA8C968967}.Release|Any CPU.Build.0 = Release|Any CPU
		{3DE6E023-FE81-4205-8563-A8BA8C968967}.Release|ARM.ActiveCfg = Release|Any CPU
		{3DE6E023-FE81-4205-8563-A8BA8C968967}.Release|ARM.Build.0 = Release|Any CPU
		{3DE6E023-FE81-4205-8563-A8BA8C968967}.Release|x64.ActiveCfg = Release|Any CPU
		{3DE6E023-FE81-4205-8563-A8BA8C968967}.Release|x64.Build.0 = Release|Any CPU
		{3DE6E023-FE81-4205-8563-A8BA8C968967}.Release|x86.ActiveCfg = Release|Any CPU
		{3DE6E023-FE81-4205-8563-A8BA8C968967}.Release|x86.Build.0 = Release|Any CPU
		{9A48BAF7-FA57-4ACF-B3D1-1DFA54282D3A}.Debug|Any CPU.ActiveCfg = Debug|Any CPU
		{9A48BAF7-FA57-4ACF-B3D1-1DFA54282D3A}.Debug|Any CPU.Build.0 = Debug|Any CPU
		{9A48BAF7-FA57-4ACF-B3D1-1DFA54282D3A}.Debug|ARM.ActiveCfg = Debug|Any CPU
		{9A48BAF7-FA57-4ACF-B3D1-1DFA54282D3A}.Debug|ARM.Build.0 = Debug|Any CPU
		{9A48BAF7-FA57-4ACF-B3D1-1DFA54282D3A}.Debug|x64.ActiveCfg = Debug|Any CPU
		{9A48BAF7-FA57-4ACF-B3D1-1DFA54282D3A}.Debug|x64.Build.0 = Debug|Any CPU
		{9A48BAF7-FA57-4ACF-B3D1-1DFA54282D3A}.Debug|x86.ActiveCfg = Debug|Any CPU
		{9A48BAF7-FA57-4ACF-B3D1-1DFA54282D3A}.Debug|x86.Build.0 = Debug|Any CPU
		{9A48BAF7-FA57-4ACF-B3D1-1DFA54282D3A}.Release|Any CPU.ActiveCfg = Release|Any CPU
		{9A48BAF7-FA57-4ACF-B3D1-1DFA54282D3A}.Release|Any CPU.Build.0 = Release|Any CPU
		{9A48BAF7-FA57-4ACF-B3D1-1DFA54282D3A}.Release|ARM.ActiveCfg = Release|Any CPU
		{9A48BAF7-FA57-4ACF-B3D1-1DFA54282D3A}.Release|ARM.Build.0 = Release|Any CPU
		{9A48BAF7-FA57-4ACF-B3D1-1DFA54282D3A}.Release|x64.ActiveCfg = Release|Any CPU
		{9A48BAF7-FA57-4ACF-B3D1-1DFA54282D3A}.Release|x64.Build.0 = Release|Any CPU
		{9A48BAF7-FA57-4ACF-B3D1-1DFA54282D3A}.Release|x86.ActiveCfg = Release|Any CPU
		{9A48BAF7-FA57-4ACF-B3D1-1DFA54282D3A}.Release|x86.Build.0 = Release|Any CPU
	EndGlobalSection
	GlobalSection(SolutionProperties) = preSolution
		HideSolutionNode = FALSE
	EndGlobalSection
	GlobalSection(ExtensibilityGlobals) = postSolution
		SolutionGuid = {FC3FA08A-2053-4D53-BB6C-897CF3C3465E}
	EndGlobalSection
EndGlobal
